# THIS IS AN AUTOGENERATED FILE. DO NOT EDIT THIS FILE DIRECTLY.
# yarn lockfile v1


emoji-named-characters@^1.0.2:
  version "1.0.2"
  resolved "https://registry.yarnpkg.com/emoji-named-characters/-/emoji-named-characters-1.0.2.tgz#cdeb36d0e66002c4b9d7bf1dfbc3a199fb7d409b"
  integrity sha1-zes20OZgAsS5178d+8Ohmft9QJs=

lodash.shuffle@^4.1.0:
  version "4.2.0"
  resolved "https://registry.yarnpkg.com/lodash.shuffle/-/lodash.shuffle-4.2.0.tgz#145b5053cf875f6f5c2a33f48b6e9948c6ec7b4b"
  integrity sha1-FFtQU8+HX29cKjP0i26ZSMbse0s=

lodash.toarray@^4.4.0:
  version "4.4.0"
  resolved "https://registry.yarnpkg.com/lodash.toarray/-/lodash.toarray-4.4.0.tgz#24c4bfcd6b2fba38bfd0594db1179d8e9b656561"
  integrity sha1-JMS/zWsvuji/0FlNsRedjptlZWE=

node-emoji@^1.10.0:
  version "1.10.0"
  resolved "https://registry.yarnpkg.com/node-emoji/-/node-emoji-1.10.0.tgz#8886abd25d9c7bb61802a658523d1f8d2a89b2da"
  integrity sha512-Yt3384If5H6BYGVHiHwTL+99OzJKHhgp82S8/dktEK73T26BazdgZ4JZh92xSVtGNJvz9UbXdNAc5hcrXV42vw==
  dependencies:
    lodash.toarray "^4.4.0"

random-emoji@^1.0.2:
  version "1.0.2"
  resolved "https://registry.yarnpkg.com/random-emoji/-/random-emoji-1.0.2.tgz#578298377f56baba45f6ad4797da1a0303321e8c"
  integrity sha1-V4KYN39WurpF9q1Hl9oaAwMyHow=
  dependencies:
    emoji-named-characters "^1.0.2"
    lodash.shuffle "^4.1.0"
